
Microsoft Visual Studio Solution File, Format Version 12.00
# Visual Studio Version 17
VisualStudioVersion = 17.11.35222.181
MinimumVisualStudioVersion = 10.0.40219.1
Project("{FAE04EC0-301F-11D3-BF4B-00C04F79EFBC}") = "LongValuesCalculator", "LongValuesCalculator\LongValuesCalculator.csproj", "{66056C71-8696-4351-99F4-0CC6A8EC51D9}"
EndProject
Global
	GlobalSection(SolutionConfigurationPlatforms) = preSolution
		Debug|Any CPU = Debug|Any CPU
		Release|Any CPU = Release|Any CPU
	EndGlobalSection
	GlobalSection(ProjectConfigurationPlatforms) = postSolution
		{66056C71-8696-4351-99F4-0CC6A8EC51D9}.Debug|Any CPU.ActiveCfg = Debug|Any CPU
		{66056C71-8696-4351-99F4-0CC6A8EC51D9}.Debug|Any CPU.Build.0 = Debug|Any CPU
		{66056C71-8696-4351-99F4-0CC6A8EC51D9}.Release|Any CPU.ActiveCfg = Release|Any CPU
		{66056C71-8696-4351-99F4-0CC6A8EC51D9}.Release|Any CPU.Build.0 = Release|Any CPU
	EndGlobalSection
	GlobalSection(SolutionProperties) = preSolution
		HideSolutionNode = FALSE
	EndGlobalSection
	GlobalSection(ExtensibilityGlobals) = postSolution
		SolutionGuid = {40FEBF23-F0A6-417C-90B2-498CB96379A2}
	EndGlobalSection
EndGlobal
