
Microsoft Visual Studio Solution File, Format Version 12.00
# Visual Studio Version 17
VisualStudioVersion = 17.11.35222.181
MinimumVisualStudioVersion = 10.0.40219.1
Project("{FAE04EC0-301F-11D3-BF4B-00C04F79EFBC}") = "LongValuesCalculator", "LongValuesCalculator\LongValuesCalculator.csproj", "{66056C71-8696-4351-99F4-0CC6A8EC51D9}"
EndProject
Project("{2150E333-8FDC-42A3-9474-1A3956D46DE8}") = "Solution Items", "Solution Items", "{7D60C27A-448B-4C78-872F-51D1EBCA844B}"
	ProjectSection(SolutionItems) = preProject
		README.md = README.md
	EndProjectSection
EndProject
Project("{FAE04EC0-301F-11D3-BF4B-00C04F79EFBC}") = "ReadText", "ReadText\ReadText.csproj", "{71C4519C-6727-43A7-AE0F-B56B1C787DD4}"
EndProject
Project("{FAE04EC0-301F-11D3-BF4B-00C04F79EFBC}") = "Cryptography", "Cryptography\Cryptography.csproj", "{DD4725D0-1B48-4352-810E-4705587F3CF0}"
EndProject
Project("{FAE04EC0-301F-11D3-BF4B-00C04F79EFBC}") = "MultipleEmailFile", "MultipleEmailFile\MultipleEmailFile.csproj", "{4527B7A1-1028-4299-AC39-BBAD40F5F5E5}"
EndProject
Project("{FAE04EC0-301F-11D3-BF4B-00C04F79EFBC}") = "Cryptography2", "Cryptography2\Cryptography2.csproj", "{F5566AFD-7EFF-4E7B-A1B0-9E1B99DCB662}"
EndProject
Project("{FAE04EC0-301F-11D3-BF4B-00C04F79EFBC}") = "HashPractise", "HashPractise\HashPractise.csproj", "{94D9E0C0-B87E-4ED8-BBE2-DAB2B8A19CE5}"
EndProject
Global
	GlobalSection(SolutionConfigurationPlatforms) = preSolution
		Debug|Any CPU = Debug|Any CPU
		Release|Any CPU = Release|Any CPU
	EndGlobalSection
	GlobalSection(ProjectConfigurationPlatforms) = postSolution
		{66056C71-8696-4351-99F4-0CC6A8EC51D9}.Debug|Any CPU.ActiveCfg = Debug|Any CPU
		{66056C71-8696-4351-99F4-0CC6A8EC51D9}.Debug|Any CPU.Build.0 = Debug|Any CPU
		{66056C71-8696-4351-99F4-0CC6A8EC51D9}.Release|Any CPU.ActiveCfg = Release|Any CPU
		{66056C71-8696-4351-99F4-0CC6A8EC51D9}.Release|Any CPU.Build.0 = Release|Any CPU
		{71C4519C-6727-43A7-AE0F-B56B1C787DD4}.Debug|Any CPU.ActiveCfg = Debug|Any CPU
		{71C4519C-6727-43A7-AE0F-B56B1C787DD4}.Debug|Any CPU.Build.0 = Debug|Any CPU
		{71C4519C-6727-43A7-AE0F-B56B1C787DD4}.Release|Any CPU.ActiveCfg = Release|Any CPU
		{71C4519C-6727-43A7-AE0F-B56B1C787DD4}.Release|Any CPU.Build.0 = Release|Any CPU
		{DD4725D0-1B48-4352-810E-4705587F3CF0}.Debug|Any CPU.ActiveCfg = Debug|Any CPU
		{DD4725D0-1B48-4352-810E-4705587F3CF0}.Debug|Any CPU.Build.0 = Debug|Any CPU
		{DD4725D0-1B48-4352-810E-4705587F3CF0}.Release|Any CPU.ActiveCfg = Release|Any CPU
		{DD4725D0-1B48-4352-810E-4705587F3CF0}.Release|Any CPU.Build.0 = Release|Any CPU
		{4527B7A1-1028-4299-AC39-BBAD40F5F5E5}.Debug|Any CPU.ActiveCfg = Debug|Any CPU
		{4527B7A1-1028-4299-AC39-BBAD40F5F5E5}.Debug|Any CPU.Build.0 = Debug|Any CPU
		{4527B7A1-1028-4299-AC39-BBAD40F5F5E5}.Release|Any CPU.ActiveCfg = Release|Any CPU
		{4527B7A1-1028-4299-AC39-BBAD40F5F5E5}.Release|Any CPU.Build.0 = Release|Any CPU
		{F5566AFD-7EFF-4E7B-A1B0-9E1B99DCB662}.Debug|Any CPU.ActiveCfg = Debug|Any CPU
		{F5566AFD-7EFF-4E7B-A1B0-9E1B99DCB662}.Debug|Any CPU.Build.0 = Debug|Any CPU
		{F5566AFD-7EFF-4E7B-A1B0-9E1B99DCB662}.Release|Any CPU.ActiveCfg = Release|Any CPU
		{F5566AFD-7EFF-4E7B-A1B0-9E1B99DCB662}.Release|Any CPU.Build.0 = Release|Any CPU
		{94D9E0C0-B87E-4ED8-BBE2-DAB2B8A19CE5}.Debug|Any CPU.ActiveCfg = Debug|Any CPU
		{94D9E0C0-B87E-4ED8-BBE2-DAB2B8A19CE5}.Debug|Any CPU.Build.0 = Debug|Any CPU
		{94D9E0C0-B87E-4ED8-BBE2-DAB2B8A19CE5}.Release|Any CPU.ActiveCfg = Release|Any CPU
		{94D9E0C0-B87E-4ED8-BBE2-DAB2B8A19CE5}.Release|Any CPU.Build.0 = Release|Any CPU
	EndGlobalSection
	GlobalSection(SolutionProperties) = preSolution
		HideSolutionNode = FALSE
	EndGlobalSection
	GlobalSection(ExtensibilityGlobals) = postSolution
		SolutionGuid = {40FEBF23-F0A6-417C-90B2-498CB96379A2}
	EndGlobalSection
EndGlobal
